{
  "nodes": {
    "nixpkgs": {
      "locked": {
        "lastModified": 1719189564,
        "narHash": "sha256-x6mmOLCdb52krLyWTZAxgKsWRyZd/KaYS6FgbLcPjBw=",
        "owner": "NixOS",
        "repo": "nixpkgs",
        "rev": "a5f040459a99b8bbc373d5f04ba7e6ce467b98d1",
        "type": "github"
      },
      "original": {
        "owner": "NixOS",
        "repo": "nixpkgs",
        "type": "github"
      }
    },
    "root": {
      "inputs": {
        "nixpkgs": "nixpkgs"
      }
    }
  },
  "root": "root",
  "version": 7
}
